
Microsoft Visual Studio Solution File, Format Version 12.00
# Visual Studio 2013
VisualStudioVersion = 12.0.40629.0
MinimumVisualStudioVersion = 10.0.40219.1
Project("{FAE04EC0-301F-11D3-BF4B-00C04F79EFBC}") = "SoftTelekom.Core", "SoftTelekom.Core\SoftTelekom.Core.csproj", "{A2F8351C-2C0F-4239-A6A8-C9ADDE340926}"
EndProject
Project("{FAE04EC0-301F-11D3-BF4B-00C04F79EFBC}") = "SoftTelekom.iOS", "SoftTelekom.iOS\SoftTelekom.iOS.csproj", "{0BEB5517-87A7-451C-A0EE-FFCBE4074106}"
EndProject
Project("{FAE04EC0-301F-11D3-BF4B-00C04F79EFBC}") = "SoftTelekom.Android", "SoftTelekom.Android\SoftTelekom.Android.csproj", "{B550E43F-1D68-496C-A040-CF50B81C05B1}"
EndProject
Project("{FAE04EC0-301F-11D3-BF4B-00C04F79EFBC}") = "SlidingMenuSharp", "SlidingMenuSharp\SlidingMenuSharp.csproj", "{555937D8-1533-4D19-A346-55C192C35A5D}"
EndProject
Project("{2150E333-8FDC-42A3-9474-1A3956D46DE8}") = ".nuget", ".nuget", "{9ECE1209-8713-404B-ABB5-503674D14433}"
	ProjectSection(SolutionItems) = preProject
		.nuget\NuGet.Config = .nuget\NuGet.Config
		.nuget\NuGet.exe = .nuget\NuGet.exe
		.nuget\NuGet.targets = .nuget\NuGet.targets
	EndProjectSection
EndProject
Project("{FAE04EC0-301F-11D3-BF4B-00C04F79EFBC}") = "SoftTelekom.WindowsPhone", "SoftTelekom.WindowsPhone\SoftTelekom.WindowsPhone.csproj", "{BB0B0680-87CF-4720-925B-0B29035B107B}"
EndProject
Global
	GlobalSection(SolutionConfigurationPlatforms) = preSolution
		Ad-Hoc|Any CPU = Ad-Hoc|Any CPU
		Ad-Hoc|ARM = Ad-Hoc|ARM
		Ad-Hoc|iPhone = Ad-Hoc|iPhone
		Ad-Hoc|iPhoneSimulator = Ad-Hoc|iPhoneSimulator
		Ad-Hoc|Mixed Platforms = Ad-Hoc|Mixed Platforms
		Ad-Hoc|x86 = Ad-Hoc|x86
		AppStore|Any CPU = AppStore|Any CPU
		AppStore|ARM = AppStore|ARM
		AppStore|iPhone = AppStore|iPhone
		AppStore|iPhoneSimulator = AppStore|iPhoneSimulator
		AppStore|Mixed Platforms = AppStore|Mixed Platforms
		AppStore|x86 = AppStore|x86
		Debug|Any CPU = Debug|Any CPU
		Debug|ARM = Debug|ARM
		Debug|iPhone = Debug|iPhone
		Debug|iPhoneSimulator = Debug|iPhoneSimulator
		Debug|Mixed Platforms = Debug|Mixed Platforms
		Debug|x86 = Debug|x86
		Release|Any CPU = Release|Any CPU
		Release|ARM = Release|ARM
		Release|iPhone = Release|iPhone
		Release|iPhoneSimulator = Release|iPhoneSimulator
		Release|Mixed Platforms = Release|Mixed Platforms
		Release|x86 = Release|x86
		Windows Phone|Any CPU = Windows Phone|Any CPU
		Windows Phone|ARM = Windows Phone|ARM
		Windows Phone|iPhone = Windows Phone|iPhone
		Windows Phone|iPhoneSimulator = Windows Phone|iPhoneSimulator
		Windows Phone|Mixed Platforms = Windows Phone|Mixed Platforms
		Windows Phone|x86 = Windows Phone|x86
	EndGlobalSection
	GlobalSection(ProjectConfigurationPlatforms) = postSolution
		{A2F8351C-2C0F-4239-A6A8-C9ADDE340926}.Ad-Hoc|Any CPU.ActiveCfg = Release|Any CPU
		{A2F8351C-2C0F-4239-A6A8-C9ADDE340926}.Ad-Hoc|Any CPU.Build.0 = Release|Any CPU
		{A2F8351C-2C0F-4239-A6A8-C9ADDE340926}.Ad-Hoc|ARM.ActiveCfg = Debug|Any CPU
		{A2F8351C-2C0F-4239-A6A8-C9ADDE340926}.Ad-Hoc|iPhone.ActiveCfg = Release|Any CPU
		{A2F8351C-2C0F-4239-A6A8-C9ADDE340926}.Ad-Hoc|iPhoneSimulator.ActiveCfg = Release|Any CPU
		{A2F8351C-2C0F-4239-A6A8-C9ADDE340926}.Ad-Hoc|Mixed Platforms.ActiveCfg = Release|Any CPU
		{A2F8351C-2C0F-4239-A6A8-C9ADDE340926}.Ad-Hoc|Mixed Platforms.Build.0 = Release|Any CPU
		{A2F8351C-2C0F-4239-A6A8-C9ADDE340926}.Ad-Hoc|x86.ActiveCfg = Debug|Any CPU
		{A2F8351C-2C0F-4239-A6A8-C9ADDE340926}.AppStore|Any CPU.ActiveCfg = Release|Any CPU
		{A2F8351C-2C0F-4239-A6A8-C9ADDE340926}.AppStore|Any CPU.Build.0 = Release|Any CPU
		{A2F8351C-2C0F-4239-A6A8-C9ADDE340926}.AppStore|ARM.ActiveCfg = Debug|Any CPU
		{A2F8351C-2C0F-4239-A6A8-C9ADDE340926}.AppStore|iPhone.ActiveCfg = Release|Any CPU
		{A2F8351C-2C0F-4239-A6A8-C9ADDE340926}.AppStore|iPhone.Build.0 = Release|Any CPU
		{A2F8351C-2C0F-4239-A6A8-C9ADDE340926}.AppStore|iPhoneSimulator.ActiveCfg = Release|Any CPU
		{A2F8351C-2C0F-4239-A6A8-C9ADDE340926}.AppStore|Mixed Platforms.ActiveCfg = Release|Any CPU
		{A2F8351C-2C0F-4239-A6A8-C9ADDE340926}.AppStore|Mixed Platforms.Build.0 = Release|Any CPU
		{A2F8351C-2C0F-4239-A6A8-C9ADDE340926}.AppStore|x86.ActiveCfg = Debug|Any CPU
		{A2F8351C-2C0F-4239-A6A8-C9ADDE340926}.Debug|Any CPU.ActiveCfg = Debug|Any CPU
		{A2F8351C-2C0F-4239-A6A8-C9ADDE340926}.Debug|Any CPU.Build.0 = Debug|Any CPU
		{A2F8351C-2C0F-4239-A6A8-C9ADDE340926}.Debug|ARM.ActiveCfg = Debug|Any CPU
		{A2F8351C-2C0F-4239-A6A8-C9ADDE340926}.Debug|iPhone.ActiveCfg = Debug|Any CPU
		{A2F8351C-2C0F-4239-A6A8-C9ADDE340926}.Debug|iPhone.Build.0 = Debug|Any CPU
		{A2F8351C-2C0F-4239-A6A8-C9ADDE340926}.Debug|iPhoneSimulator.ActiveCfg = Debug|Any CPU
		{A2F8351C-2C0F-4239-A6A8-C9ADDE340926}.Debug|iPhoneSimulator.Build.0 = Debug|Any CPU
		{A2F8351C-2C0F-4239-A6A8-C9ADDE340926}.Debug|Mixed Platforms.ActiveCfg = Debug|Any CPU
		{A2F8351C-2C0F-4239-A6A8-C9ADDE340926}.Debug|Mixed Platforms.Build.0 = Debug|Any CPU
		{A2F8351C-2C0F-4239-A6A8-C9ADDE340926}.Debug|x86.ActiveCfg = Debug|Any CPU
		{A2F8351C-2C0F-4239-A6A8-C9ADDE340926}.Release|Any CPU.ActiveCfg = Release|Any CPU
		{A2F8351C-2C0F-4239-A6A8-C9ADDE340926}.Release|Any CPU.Build.0 = Release|Any CPU
		{A2F8351C-2C0F-4239-A6A8-C9ADDE340926}.Release|ARM.ActiveCfg = Release|Any CPU
		{A2F8351C-2C0F-4239-A6A8-C9ADDE340926}.Release|iPhone.ActiveCfg = Release|Any CPU
		{A2F8351C-2C0F-4239-A6A8-C9ADDE340926}.Release|iPhone.Build.0 = Release|Any CPU
		{A2F8351C-2C0F-4239-A6A8-C9ADDE340926}.Release|iPhoneSimulator.ActiveCfg = Release|Any CPU
		{A2F8351C-2C0F-4239-A6A8-C9ADDE340926}.Release|iPhoneSimulator.Build.0 = Release|Any CPU
		{A2F8351C-2C0F-4239-A6A8-C9ADDE340926}.Release|Mixed Platforms.ActiveCfg = Release|Any CPU
		{A2F8351C-2C0F-4239-A6A8-C9ADDE340926}.Release|Mixed Platforms.Build.0 = Release|Any CPU
		{A2F8351C-2C0F-4239-A6A8-C9ADDE340926}.Release|x86.ActiveCfg = Release|Any CPU
		{A2F8351C-2C0F-4239-A6A8-C9ADDE340926}.Windows Phone|Any CPU.ActiveCfg = Debug|Any CPU
		{A2F8351C-2C0F-4239-A6A8-C9ADDE340926}.Windows Phone|Any CPU.Build.0 = Debug|Any CPU
		{A2F8351C-2C0F-4239-A6A8-C9ADDE340926}.Windows Phone|ARM.ActiveCfg = Debug|Any CPU
		{A2F8351C-2C0F-4239-A6A8-C9ADDE340926}.Windows Phone|iPhone.ActiveCfg = Debug|Any CPU
		{A2F8351C-2C0F-4239-A6A8-C9ADDE340926}.Windows Phone|iPhoneSimulator.ActiveCfg = Debug|Any CPU
		{A2F8351C-2C0F-4239-A6A8-C9ADDE340926}.Windows Phone|Mixed Platforms.ActiveCfg = Debug|Any CPU
		{A2F8351C-2C0F-4239-A6A8-C9ADDE340926}.Windows Phone|Mixed Platforms.Build.0 = Debug|Any CPU
		{A2F8351C-2C0F-4239-A6A8-C9ADDE340926}.Windows Phone|x86.ActiveCfg = Debug|Any CPU
		{0BEB5517-87A7-451C-A0EE-FFCBE4074106}.Ad-Hoc|Any CPU.ActiveCfg = Ad-Hoc|iPhone
		{0BEB5517-87A7-451C-A0EE-FFCBE4074106}.Ad-Hoc|ARM.ActiveCfg = Ad-Hoc|iPhoneSimulator
		{0BEB5517-87A7-451C-A0EE-FFCBE4074106}.Ad-Hoc|iPhone.ActiveCfg = Ad-Hoc|iPhone
		{0BEB5517-87A7-451C-A0EE-FFCBE4074106}.Ad-Hoc|iPhone.Build.0 = Ad-Hoc|iPhone
		{0BEB5517-87A7-451C-A0EE-FFCBE4074106}.Ad-Hoc|iPhoneSimulator.ActiveCfg = Ad-Hoc|iPhoneSimulator
		{0BEB5517-87A7-451C-A0EE-FFCBE4074106}.Ad-Hoc|iPhoneSimulator.Build.0 = Ad-Hoc|iPhoneSimulator
		{0BEB5517-87A7-451C-A0EE-FFCBE4074106}.Ad-Hoc|Mixed Platforms.ActiveCfg = Ad-Hoc|iPhone
		{0BEB5517-87A7-451C-A0EE-FFCBE4074106}.Ad-Hoc|Mixed Platforms.Build.0 = Ad-Hoc|iPhone
		{0BEB5517-87A7-451C-A0EE-FFCBE4074106}.Ad-Hoc|x86.ActiveCfg = Ad-Hoc|iPhoneSimulator
		{0BEB5517-87A7-451C-A0EE-FFCBE4074106}.AppStore|Any CPU.ActiveCfg = AppStore|iPhone
		{0BEB5517-87A7-451C-A0EE-FFCBE4074106}.AppStore|ARM.ActiveCfg = AppStore|iPhoneSimulator
		{0BEB5517-87A7-451C-A0EE-FFCBE4074106}.AppStore|iPhone.ActiveCfg = AppStore|iPhone
		{0BEB5517-87A7-451C-A0EE-FFCBE4074106}.AppStore|iPhone.Build.0 = AppStore|iPhone
		{0BEB5517-87A7-451C-A0EE-FFCBE4074106}.AppStore|iPhoneSimulator.ActiveCfg = AppStore|iPhoneSimulator
		{0BEB5517-87A7-451C-A0EE-FFCBE4074106}.AppStore|iPhoneSimulator.Build.0 = AppStore|iPhoneSimulator
		{0BEB5517-87A7-451C-A0EE-FFCBE4074106}.AppStore|Mixed Platforms.ActiveCfg = AppStore|iPhone
		{0BEB5517-87A7-451C-A0EE-FFCBE4074106}.AppStore|Mixed Platforms.Build.0 = AppStore|iPhone
		{0BEB5517-87A7-451C-A0EE-FFCBE4074106}.AppStore|x86.ActiveCfg = AppStore|iPhoneSimulator
		{0BEB5517-87A7-451C-A0EE-FFCBE4074106}.Debug|Any CPU.ActiveCfg = Debug|iPhone
		{0BEB5517-87A7-451C-A0EE-FFCBE4074106}.Debug|ARM.ActiveCfg = Debug|iPhoneSimulator
		{0BEB5517-87A7-451C-A0EE-FFCBE4074106}.Debug|iPhone.ActiveCfg = Debug|iPhone
		{0BEB5517-87A7-451C-A0EE-FFCBE4074106}.Debug|iPhone.Build.0 = Debug|iPhone
		{0BEB5517-87A7-451C-A0EE-FFCBE4074106}.Debug|iPhoneSimulator.ActiveCfg = Debug|iPhoneSimulator
		{0BEB5517-87A7-451C-A0EE-FFCBE4074106}.Debug|iPhoneSimulator.Build.0 = Debug|iPhoneSimulator
		{0BEB5517-87A7-451C-A0EE-FFCBE4074106}.Debug|Mixed Platforms.ActiveCfg = Debug|iPhone
		{0BEB5517-87A7-451C-A0EE-FFCBE4074106}.Debug|Mixed Platforms.Build.0 = Debug|iPhone
		{0BEB5517-87A7-451C-A0EE-FFCBE4074106}.Debug|x86.ActiveCfg = Debug|iPhoneSimulator
		{0BEB5517-87A7-451C-A0EE-FFCBE4074106}.Release|Any CPU.ActiveCfg = Release|iPhone
		{0BEB5517-87A7-451C-A0EE-FFCBE4074106}.Release|ARM.ActiveCfg = Release|iPhoneSimulator
		{0BEB5517-87A7-451C-A0EE-FFCBE4074106}.Release|iPhone.ActiveCfg = Release|iPhone
		{0BEB5517-87A7-451C-A0EE-FFCBE4074106}.Release|iPhone.Build.0 = Release|iPhone
		{0BEB5517-87A7-451C-A0EE-FFCBE4074106}.Release|iPhone.Deploy.0 = Release|iPhone
		{0BEB5517-87A7-451C-A0EE-FFCBE4074106}.Release|iPhoneSimulator.ActiveCfg = Release|iPhoneSimulator
		{0BEB5517-87A7-451C-A0EE-FFCBE4074106}.Release|iPhoneSimulator.Build.0 = Release|iPhoneSimulator
		{0BEB5517-87A7-451C-A0EE-FFCBE4074106}.Release|Mixed Platforms.ActiveCfg = Release|iPhone
		{0BEB5517-87A7-451C-A0EE-FFCBE4074106}.Release|Mixed Platforms.Build.0 = Release|iPhone
		{0BEB5517-87A7-451C-A0EE-FFCBE4074106}.Release|x86.ActiveCfg = Release|iPhoneSimulator
		{0BEB5517-87A7-451C-A0EE-FFCBE4074106}.Windows Phone|Any CPU.ActiveCfg = Release|iPhoneSimulator
		{0BEB5517-87A7-451C-A0EE-FFCBE4074106}.Windows Phone|ARM.ActiveCfg = Release|iPhoneSimulator
		{0BEB5517-87A7-451C-A0EE-FFCBE4074106}.Windows Phone|iPhone.ActiveCfg = Release|iPhone
		{0BEB5517-87A7-451C-A0EE-FFCBE4074106}.Windows Phone|iPhone.Build.0 = Release|iPhone
		{0BEB5517-87A7-451C-A0EE-FFCBE4074106}.Windows Phone|iPhoneSimulator.ActiveCfg = Release|iPhoneSimulator
		{0BEB5517-87A7-451C-A0EE-FFCBE4074106}.Windows Phone|iPhoneSimulator.Build.0 = Release|iPhoneSimulator
		{0BEB5517-87A7-451C-A0EE-FFCBE4074106}.Windows Phone|Mixed Platforms.ActiveCfg = Release|iPhoneSimulator
		{0BEB5517-87A7-451C-A0EE-FFCBE4074106}.Windows Phone|Mixed Platforms.Build.0 = Release|iPhoneSimulator
		{0BEB5517-87A7-451C-A0EE-FFCBE4074106}.Windows Phone|x86.ActiveCfg = Release|iPhoneSimulator
		{B550E43F-1D68-496C-A040-CF50B81C05B1}.Ad-Hoc|Any CPU.ActiveCfg = Release|Any CPU
		{B550E43F-1D68-496C-A040-CF50B81C05B1}.Ad-Hoc|Any CPU.Build.0 = Release|Any CPU
		{B550E43F-1D68-496C-A040-CF50B81C05B1}.Ad-Hoc|Any CPU.Deploy.0 = Release|Any CPU
		{B550E43F-1D68-496C-A040-CF50B81C05B1}.Ad-Hoc|ARM.ActiveCfg = Debug|Any CPU
		{B550E43F-1D68-496C-A040-CF50B81C05B1}.Ad-Hoc|iPhone.ActiveCfg = Release|Any CPU
		{B550E43F-1D68-496C-A040-CF50B81C05B1}.Ad-Hoc|iPhoneSimulator.ActiveCfg = Release|Any CPU
		{B550E43F-1D68-496C-A040-CF50B81C05B1}.Ad-Hoc|Mixed Platforms.ActiveCfg = Release|Any CPU
		{B550E43F-1D68-496C-A040-CF50B81C05B1}.Ad-Hoc|Mixed Platforms.Build.0 = Release|Any CPU
		{B550E43F-1D68-496C-A040-CF50B81C05B1}.Ad-Hoc|Mixed Platforms.Deploy.0 = Release|Any CPU
		{B550E43F-1D68-496C-A040-CF50B81C05B1}.Ad-Hoc|x86.ActiveCfg = Debug|Any CPU
		{B550E43F-1D68-496C-A040-CF50B81C05B1}.AppStore|Any CPU.ActiveCfg = Release|Any CPU
		{B550E43F-1D68-496C-A040-CF50B81C05B1}.AppStore|Any CPU.Build.0 = Release|Any CPU
		{B550E43F-1D68-496C-A040-CF50B81C05B1}.AppStore|Any CPU.Deploy.0 = Release|Any CPU
		{B550E43F-1D68-496C-A040-CF50B81C05B1}.AppStore|ARM.ActiveCfg = Debug|Any CPU
		{B550E43F-1D68-496C-A040-CF50B81C05B1}.AppStore|iPhone.ActiveCfg = Release|Any CPU
		{B550E43F-1D68-496C-A040-CF50B81C05B1}.AppStore|iPhoneSimulator.ActiveCfg = Release|Any CPU
		{B550E43F-1D68-496C-A040-CF50B81C05B1}.AppStore|Mixed Platforms.ActiveCfg = Release|Any CPU
		{B550E43F-1D68-496C-A040-CF50B81C05B1}.AppStore|Mixed Platforms.Build.0 = Release|Any CPU
		{B550E43F-1D68-496C-A040-CF50B81C05B1}.AppStore|Mixed Platforms.Deploy.0 = Release|Any CPU
		{B550E43F-1D68-496C-A040-CF50B81C05B1}.AppStore|x86.ActiveCfg = Debug|Any CPU
		{B550E43F-1D68-496C-A040-CF50B81C05B1}.Debug|Any CPU.ActiveCfg = Debug|Any CPU
		{B550E43F-1D68-496C-A040-CF50B81C05B1}.Debug|Any CPU.Build.0 = Debug|Any CPU
		{B550E43F-1D68-496C-A040-CF50B81C05B1}.Debug|Any CPU.Deploy.0 = Debug|Any CPU
		{B550E43F-1D68-496C-A040-CF50B81C05B1}.Debug|ARM.ActiveCfg = Debug|Any CPU
		{B550E43F-1D68-496C-A040-CF50B81C05B1}.Debug|iPhone.ActiveCfg = Debug|Any CPU
		{B550E43F-1D68-496C-A040-CF50B81C05B1}.Debug|iPhoneSimulator.ActiveCfg = Debug|Any CPU
		{B550E43F-1D68-496C-A040-CF50B81C05B1}.Debug|Mixed Platforms.ActiveCfg = Debug|Any CPU
		{B550E43F-1D68-496C-A040-CF50B81C05B1}.Debug|Mixed Platforms.Build.0 = Debug|Any CPU
		{B550E43F-1D68-496C-A040-CF50B81C05B1}.Debug|Mixed Platforms.Deploy.0 = Debug|Any CPU
		{B550E43F-1D68-496C-A040-CF50B81C05B1}.Debug|x86.ActiveCfg = Debug|Any CPU
		{B550E43F-1D68-496C-A040-CF50B81C05B1}.Release|Any CPU.ActiveCfg = Release|Any CPU
		{B550E43F-1D68-496C-A040-CF50B81C05B1}.Release|Any CPU.Build.0 = Release|Any CPU
		{B550E43F-1D68-496C-A040-CF50B81C05B1}.Release|Any CPU.Deploy.0 = Release|Any CPU
		{B550E43F-1D68-496C-A040-CF50B81C05B1}.Release|ARM.ActiveCfg = Release|Any CPU
		{B550E43F-1D68-496C-A040-CF50B81C05B1}.Release|iPhone.ActiveCfg = Release|Any CPU
		{B550E43F-1D68-496C-A040-CF50B81C05B1}.Release|iPhoneSimulator.ActiveCfg = Release|Any CPU
		{B550E43F-1D68-496C-A040-CF50B81C05B1}.Release|Mixed Platforms.ActiveCfg = Release|Any CPU
		{B550E43F-1D68-496C-A040-CF50B81C05B1}.Release|Mixed Platforms.Build.0 = Release|Any CPU
		{B550E43F-1D68-496C-A040-CF50B81C05B1}.Release|Mixed Platforms.Deploy.0 = Release|Any CPU
		{B550E43F-1D68-496C-A040-CF50B81C05B1}.Release|x86.ActiveCfg = Release|Any CPU
		{B550E43F-1D68-496C-A040-CF50B81C05B1}.Windows Phone|Any CPU.ActiveCfg = Debug|Any CPU
		{B550E43F-1D68-496C-A040-CF50B81C05B1}.Windows Phone|Any CPU.Build.0 = Debug|Any CPU
		{B550E43F-1D68-496C-A040-CF50B81C05B1}.Windows Phone|Any CPU.Deploy.0 = Debug|Any CPU
		{B550E43F-1D68-496C-A040-CF50B81C05B1}.Windows Phone|ARM.ActiveCfg = Debug|Any CPU
		{B550E43F-1D68-496C-A040-CF50B81C05B1}.Windows Phone|iPhone.ActiveCfg = Debug|Any CPU
		{B550E43F-1D68-496C-A040-CF50B81C05B1}.Windows Phone|iPhoneSimulator.ActiveCfg = Debug|Any CPU
		{B550E43F-1D68-496C-A040-CF50B81C05B1}.Windows Phone|Mixed Platforms.ActiveCfg = Debug|Any CPU
		{B550E43F-1D68-496C-A040-CF50B81C05B1}.Windows Phone|Mixed Platforms.Build.0 = Debug|Any CPU
		{B550E43F-1D68-496C-A040-CF50B81C05B1}.Windows Phone|Mixed Platforms.Deploy.0 = Debug|Any CPU
		{B550E43F-1D68-496C-A040-CF50B81C05B1}.Windows Phone|x86.ActiveCfg = Debug|Any CPU
		{555937D8-1533-4D19-A346-55C192C35A5D}.Ad-Hoc|Any CPU.ActiveCfg = Windows Phone|Any CPU
		{555937D8-1533-4D19-A346-55C192C35A5D}.Ad-Hoc|Any CPU.Build.0 = Windows Phone|Any CPU
		{555937D8-1533-4D19-A346-55C192C35A5D}.Ad-Hoc|ARM.ActiveCfg = Release|Any CPU
		{555937D8-1533-4D19-A346-55C192C35A5D}.Ad-Hoc|iPhone.ActiveCfg = Windows Phone|Any CPU
		{555937D8-1533-4D19-A346-55C192C35A5D}.Ad-Hoc|iPhoneSimulator.ActiveCfg = Windows Phone|Any CPU
		{555937D8-1533-4D19-A346-55C192C35A5D}.Ad-Hoc|Mixed Platforms.ActiveCfg = Windows Phone|Any CPU
		{555937D8-1533-4D19-A346-55C192C35A5D}.Ad-Hoc|Mixed Platforms.Build.0 = Windows Phone|Any CPU
		{555937D8-1533-4D19-A346-55C192C35A5D}.Ad-Hoc|x86.ActiveCfg = Release|Any CPU
		{555937D8-1533-4D19-A346-55C192C35A5D}.AppStore|Any CPU.ActiveCfg = Windows Phone|Any CPU
		{555937D8-1533-4D19-A346-55C192C35A5D}.AppStore|Any CPU.Build.0 = Windows Phone|Any CPU
		{555937D8-1533-4D19-A346-55C192C35A5D}.AppStore|ARM.ActiveCfg = Release|Any CPU
		{555937D8-1533-4D19-A346-55C192C35A5D}.AppStore|iPhone.ActiveCfg = Windows Phone|Any CPU
		{555937D8-1533-4D19-A346-55C192C35A5D}.AppStore|iPhoneSimulator.ActiveCfg = Windows Phone|Any CPU
		{555937D8-1533-4D19-A346-55C192C35A5D}.AppStore|Mixed Platforms.ActiveCfg = Windows Phone|Any CPU
		{555937D8-1533-4D19-A346-55C192C35A5D}.AppStore|Mixed Platforms.Build.0 = Windows Phone|Any CPU
		{555937D8-1533-4D19-A346-55C192C35A5D}.AppStore|x86.ActiveCfg = Release|Any CPU
		{555937D8-1533-4D19-A346-55C192C35A5D}.Debug|Any CPU.ActiveCfg = Debug|Any CPU
		{555937D8-1533-4D19-A346-55C192C35A5D}.Debug|ARM.ActiveCfg = Debug|Any CPU
		{555937D8-1533-4D19-A346-55C192C35A5D}.Debug|iPhone.ActiveCfg = Debug|Any CPU
		{555937D8-1533-4D19-A346-55C192C35A5D}.Debug|iPhoneSimulator.ActiveCfg = Debug|Any CPU
		{555937D8-1533-4D19-A346-55C192C35A5D}.Debug|Mixed Platforms.ActiveCfg = Debug|Any CPU
		{555937D8-1533-4D19-A346-55C192C35A5D}.Debug|Mixed Platforms.Build.0 = Debug|Any CPU
		{555937D8-1533-4D19-A346-55C192C35A5D}.Debug|x86.ActiveCfg = Debug|Any CPU
		{555937D8-1533-4D19-A346-55C192C35A5D}.Release|Any CPU.ActiveCfg = Release|Any CPU
		{555937D8-1533-4D19-A346-55C192C35A5D}.Release|Any CPU.Build.0 = Release|Any CPU
		{555937D8-1533-4D19-A346-55C192C35A5D}.Release|ARM.ActiveCfg = Release|Any CPU
		{555937D8-1533-4D19-A346-55C192C35A5D}.Release|iPhone.ActiveCfg = Release|Any CPU
		{555937D8-1533-4D19-A346-55C192C35A5D}.Release|iPhoneSimulator.ActiveCfg = Release|Any CPU
		{555937D8-1533-4D19-A346-55C192C35A5D}.Release|Mixed Platforms.ActiveCfg = Release|Any CPU
		{555937D8-1533-4D19-A346-55C192C35A5D}.Release|Mixed Platforms.Build.0 = Release|Any CPU
		{555937D8-1533-4D19-A346-55C192C35A5D}.Release|x86.ActiveCfg = Release|Any CPU
		{555937D8-1533-4D19-A346-55C192C35A5D}.Windows Phone|Any CPU.ActiveCfg = Windows Phone|Any CPU
		{555937D8-1533-4D19-A346-55C192C35A5D}.Windows Phone|Any CPU.Build.0 = Windows Phone|Any CPU
		{555937D8-1533-4D19-A346-55C192C35A5D}.Windows Phone|ARM.ActiveCfg = Windows Phone|Any CPU
		{555937D8-1533-4D19-A346-55C192C35A5D}.Windows Phone|iPhone.ActiveCfg = Windows Phone|Any CPU
		{555937D8-1533-4D19-A346-55C192C35A5D}.Windows Phone|iPhoneSimulator.ActiveCfg = Windows Phone|Any CPU
		{555937D8-1533-4D19-A346-55C192C35A5D}.Windows Phone|Mixed Platforms.ActiveCfg = Windows Phone|Any CPU
		{555937D8-1533-4D19-A346-55C192C35A5D}.Windows Phone|Mixed Platforms.Build.0 = Windows Phone|Any CPU
		{555937D8-1533-4D19-A346-55C192C35A5D}.Windows Phone|x86.ActiveCfg = Windows Phone|Any CPU
		{BB0B0680-87CF-4720-925B-0B29035B107B}.Ad-Hoc|Any CPU.ActiveCfg = Release|Any CPU
		{BB0B0680-87CF-4720-925B-0B29035B107B}.Ad-Hoc|Any CPU.Build.0 = Release|Any CPU
		{BB0B0680-87CF-4720-925B-0B29035B107B}.Ad-Hoc|Any CPU.Deploy.0 = Release|Any CPU
		{BB0B0680-87CF-4720-925B-0B29035B107B}.Ad-Hoc|ARM.ActiveCfg = Release|ARM
		{BB0B0680-87CF-4720-925B-0B29035B107B}.Ad-Hoc|ARM.Build.0 = Release|ARM
		{BB0B0680-87CF-4720-925B-0B29035B107B}.Ad-Hoc|ARM.Deploy.0 = Release|ARM
		{BB0B0680-87CF-4720-925B-0B29035B107B}.Ad-Hoc|iPhone.ActiveCfg = Release|Any CPU
		{BB0B0680-87CF-4720-925B-0B29035B107B}.Ad-Hoc|iPhoneSimulator.ActiveCfg = Release|Any CPU
		{BB0B0680-87CF-4720-925B-0B29035B107B}.Ad-Hoc|Mixed Platforms.ActiveCfg = Release|x86
		{BB0B0680-87CF-4720-925B-0B29035B107B}.Ad-Hoc|Mixed Platforms.Build.0 = Release|x86
		{BB0B0680-87CF-4720-925B-0B29035B107B}.Ad-Hoc|Mixed Platforms.Deploy.0 = Release|x86
		{BB0B0680-87CF-4720-925B-0B29035B107B}.Ad-Hoc|x86.ActiveCfg = Release|x86
		{BB0B0680-87CF-4720-925B-0B29035B107B}.Ad-Hoc|x86.Build.0 = Release|x86
		{BB0B0680-87CF-4720-925B-0B29035B107B}.Ad-Hoc|x86.Deploy.0 = Release|x86
		{BB0B0680-87CF-4720-925B-0B29035B107B}.AppStore|Any CPU.ActiveCfg = Release|Any CPU
		{BB0B0680-87CF-4720-925B-0B29035B107B}.AppStore|Any CPU.Build.0 = Release|Any CPU
		{BB0B0680-87CF-4720-925B-0B29035B107B}.AppStore|Any CPU.Deploy.0 = Release|Any CPU
		{BB0B0680-87CF-4720-925B-0B29035B107B}.AppStore|ARM.ActiveCfg = Release|ARM
		{BB0B0680-87CF-4720-925B-0B29035B107B}.AppStore|ARM.Build.0 = Release|ARM
		{BB0B0680-87CF-4720-925B-0B29035B107B}.AppStore|ARM.Deploy.0 = Release|ARM
		{BB0B0680-87CF-4720-925B-0B29035B107B}.AppStore|iPhone.ActiveCfg = Release|Any CPU
		{BB0B0680-87CF-4720-925B-0B29035B107B}.AppStore|iPhoneSimulator.ActiveCfg = Release|Any CPU
		{BB0B0680-87CF-4720-925B-0B29035B107B}.AppStore|Mixed Platforms.ActiveCfg = Release|x86
		{BB0B0680-87CF-4720-925B-0B29035B107B}.AppStore|Mixed Platforms.Build.0 = Release|x86
		{BB0B0680-87CF-4720-925B-0B29035B107B}.AppStore|Mixed Platforms.Deploy.0 = Release|x86
		{BB0B0680-87CF-4720-925B-0B29035B107B}.AppStore|x86.ActiveCfg = Release|x86
		{BB0B0680-87CF-4720-925B-0B29035B107B}.AppStore|x86.Build.0 = Release|x86
		{BB0B0680-87CF-4720-925B-0B29035B107B}.AppStore|x86.Deploy.0 = Release|x86
		{BB0B0680-87CF-4720-925B-0B29035B107B}.Debug|Any CPU.ActiveCfg = Debug|Any CPU
		{BB0B0680-87CF-4720-925B-0B29035B107B}.Debug|ARM.ActiveCfg = Debug|ARM
		{BB0B0680-87CF-4720-925B-0B29035B107B}.Debug|ARM.Build.0 = Debug|ARM
		{BB0B0680-87CF-4720-925B-0B29035B107B}.Debug|ARM.Deploy.0 = Debug|ARM
		{BB0B0680-87CF-4720-925B-0B29035B107B}.Debug|iPhone.ActiveCfg = Debug|Any CPU
		{BB0B0680-87CF-4720-925B-0B29035B107B}.Debug|iPhoneSimulator.ActiveCfg = Debug|Any CPU
		{BB0B0680-87CF-4720-925B-0B29035B107B}.Debug|Mixed Platforms.ActiveCfg = Debug|x86
		{BB0B0680-87CF-4720-925B-0B29035B107B}.Debug|Mixed Platforms.Build.0 = Debug|x86
		{BB0B0680-87CF-4720-925B-0B29035B107B}.Debug|Mixed Platforms.Deploy.0 = Debug|x86
		{BB0B0680-87CF-4720-925B-0B29035B107B}.Debug|x86.ActiveCfg = Debug|x86
		{BB0B0680-87CF-4720-925B-0B29035B107B}.Debug|x86.Build.0 = Debug|x86
		{BB0B0680-87CF-4720-925B-0B29035B107B}.Debug|x86.Deploy.0 = Debug|x86
		{BB0B0680-87CF-4720-925B-0B29035B107B}.Release|Any CPU.ActiveCfg = Release|Any CPU
		{BB0B0680-87CF-4720-925B-0B29035B107B}.Release|Any CPU.Build.0 = Release|Any CPU
		{BB0B0680-87CF-4720-925B-0B29035B107B}.Release|Any CPU.Deploy.0 = Release|Any CPU
		{BB0B0680-87CF-4720-925B-0B29035B107B}.Release|ARM.ActiveCfg = Release|ARM
		{BB0B0680-87CF-4720-925B-0B29035B107B}.Release|ARM.Build.0 = Release|ARM
		{BB0B0680-87CF-4720-925B-0B29035B107B}.Release|ARM.Deploy.0 = Release|ARM
		{BB0B0680-87CF-4720-925B-0B29035B107B}.Release|iPhone.ActiveCfg = Release|Any CPU
		{BB0B0680-87CF-4720-925B-0B29035B107B}.Release|iPhoneSimulator.ActiveCfg = Release|Any CPU
		{BB0B0680-87CF-4720-925B-0B29035B107B}.Release|Mixed Platforms.ActiveCfg = Release|x86
		{BB0B0680-87CF-4720-925B-0B29035B107B}.Release|Mixed Platforms.Build.0 = Release|x86
		{BB0B0680-87CF-4720-925B-0B29035B107B}.Release|Mixed Platforms.Deploy.0 = Release|x86
		{BB0B0680-87CF-4720-925B-0B29035B107B}.Release|x86.ActiveCfg = Release|x86
		{BB0B0680-87CF-4720-925B-0B29035B107B}.Release|x86.Build.0 = Release|x86
		{BB0B0680-87CF-4720-925B-0B29035B107B}.Release|x86.Deploy.0 = Release|x86
		{BB0B0680-87CF-4720-925B-0B29035B107B}.Windows Phone|Any CPU.ActiveCfg = Release|Any CPU
		{BB0B0680-87CF-4720-925B-0B29035B107B}.Windows Phone|Any CPU.Build.0 = Release|Any CPU
		{BB0B0680-87CF-4720-925B-0B29035B107B}.Windows Phone|Any CPU.Deploy.0 = Release|Any CPU
		{BB0B0680-87CF-4720-925B-0B29035B107B}.Windows Phone|ARM.ActiveCfg = Release|ARM
		{BB0B0680-87CF-4720-925B-0B29035B107B}.Windows Phone|ARM.Build.0 = Release|ARM
		{BB0B0680-87CF-4720-925B-0B29035B107B}.Windows Phone|ARM.Deploy.0 = Release|ARM
		{BB0B0680-87CF-4720-925B-0B29035B107B}.Windows Phone|iPhone.ActiveCfg = Release|Any CPU
		{BB0B0680-87CF-4720-925B-0B29035B107B}.Windows Phone|iPhoneSimulator.ActiveCfg = Release|Any CPU
		{BB0B0680-87CF-4720-925B-0B29035B107B}.Windows Phone|Mixed Platforms.ActiveCfg = Release|x86
		{BB0B0680-87CF-4720-925B-0B29035B107B}.Windows Phone|Mixed Platforms.Build.0 = Release|x86
		{BB0B0680-87CF-4720-925B-0B29035B107B}.Windows Phone|Mixed Platforms.Deploy.0 = Release|x86
		{BB0B0680-87CF-4720-925B-0B29035B107B}.Windows Phone|x86.ActiveCfg = Release|x86
		{BB0B0680-87CF-4720-925B-0B29035B107B}.Windows Phone|x86.Build.0 = Release|x86
		{BB0B0680-87CF-4720-925B-0B29035B107B}.Windows Phone|x86.Deploy.0 = Release|x86
	EndGlobalSection
	GlobalSection(SolutionProperties) = preSolution
		HideSolutionNode = FALSE
	EndGlobalSection
EndGlobal
